
Microsoft Visual Studio Solution File, Format Version 12.00
# Visual Studio Version 17
VisualStudioVersion = 17.5.002.0
MinimumVisualStudioVersion = 10.0.40219.1
Project("{9A19103F-16F7-4668-BE54-9A1E7A4F7556}") = "TreatmentApp", "TreatmentApp\TreatmentApp.csproj", "{7EA29EBD-3944-4F8F-8996-56159401F459}"
EndProject
Global
	GlobalSection(SolutionConfigurationPlatforms) = preSolution
		Debug|Any CPU = Debug|Any CPU
		Release|Any CPU = Release|Any CPU
	EndGlobalSection
	GlobalSection(ProjectConfigurationPlatforms) = postSolution
		{7EA29EBD-3944-4F8F-8996-56159401F459}.Debug|Any CPU.ActiveCfg = Debug|Any CPU
		{7EA29EBD-3944-4F8F-8996-56159401F459}.Debug|Any CPU.Build.0 = Debug|Any CPU
		{7EA29EBD-3944-4F8F-8996-56159401F459}.Release|Any CPU.ActiveCfg = Release|Any CPU
		{7EA29EBD-3944-4F8F-8996-56159401F459}.Release|Any CPU.Build.0 = Release|Any CPU
	EndGlobalSection
	GlobalSection(SolutionProperties) = preSolution
		HideSolutionNode = FALSE
	EndGlobalSection
	GlobalSection(ExtensibilityGlobals) = postSolution
		SolutionGuid = {04DDD5F1-5FD3-4E96-97C0-13EA22D14588}
	EndGlobalSection
EndGlobal
